
Microsoft Visual Studio Solution File, Format Version 12.00
# Visual Studio Version 16
VisualStudioVersion = 16.0.31727.386
MinimumVisualStudioVersion = 10.0.40219.1
Project("{FAE04EC0-301F-11D3-BF4B-00C04F79EFBC}") = "WebApplication2", "WebApplication2\WebApplication2.csproj", "{C05017ED-171A-4A66-A9B7-2F79B1203482}"
EndProject
Global
	GlobalSection(SolutionConfigurationPlatforms) = preSolution
		Debug|Any CPU = Debug|Any CPU
		Release|Any CPU = Release|Any CPU
	EndGlobalSection
	GlobalSection(ProjectConfigurationPlatforms) = postSolution
		{C05017ED-171A-4A66-A9B7-2F79B1203482}.Debug|Any CPU.ActiveCfg = Debug|Any CPU
		{C05017ED-171A-4A66-A9B7-2F79B1203482}.Debug|Any CPU.Build.0 = Debug|Any CPU
		{C05017ED-171A-4A66-A9B7-2F79B1203482}.Release|Any CPU.ActiveCfg = Release|Any CPU
		{C05017ED-171A-4A66-A9B7-2F79B1203482}.Release|Any CPU.Build.0 = Release|Any CPU
	EndGlobalSection
	GlobalSection(SolutionProperties) = preSolution
		HideSolutionNode = FALSE
	EndGlobalSection
	GlobalSection(ExtensibilityGlobals) = postSolution
		SolutionGuid = {20921185-74B3-41F9-B6CA-CB66DE2720F6}
	EndGlobalSection
EndGlobal
